
Microsoft Visual Studio Solution File, Format Version 12.00
# Visual Studio Version 16
VisualStudioVersion = 16.0.31205.134
MinimumVisualStudioVersion = 10.0.40219.1
Project("{8BC9CEB8-8B4A-11D0-8D11-00A0C91BC942}") = "ComServer", "ComServer\ComServer.vcxproj", "{1A2C9694-212E-4276-87DB-A1935C2713EB}"
EndProject
Project("{FAE04EC0-301F-11D3-BF4B-00C04F79EFBC}") = "FullMessageQueueNet", "FullMessageQueueNet\FullMessageQueueNet.csproj", "{B2AB243D-C61A-4E04-971C-CDD5C01ED9C6}"
EndProject
Global
	GlobalSection(SolutionConfigurationPlatforms) = preSolution
		Debug|x64 = Debug|x64
		Release|x64 = Release|x64
	EndGlobalSection
	GlobalSection(ProjectConfigurationPlatforms) = postSolution
		{1A2C9694-212E-4276-87DB-A1935C2713EB}.Debug|x64.ActiveCfg = Debug|x64
		{1A2C9694-212E-4276-87DB-A1935C2713EB}.Debug|x64.Build.0 = Debug|x64
		{1A2C9694-212E-4276-87DB-A1935C2713EB}.Release|x64.ActiveCfg = Release|x64
		{1A2C9694-212E-4276-87DB-A1935C2713EB}.Release|x64.Build.0 = Release|x64
		{B2AB243D-C61A-4E04-971C-CDD5C01ED9C6}.Debug|x64.ActiveCfg = Debug|x64
		{B2AB243D-C61A-4E04-971C-CDD5C01ED9C6}.Debug|x64.Build.0 = Debug|x64
		{B2AB243D-C61A-4E04-971C-CDD5C01ED9C6}.Release|x64.ActiveCfg = Release|x64
		{B2AB243D-C61A-4E04-971C-CDD5C01ED9C6}.Release|x64.Build.0 = Release|x64
	EndGlobalSection
	GlobalSection(SolutionProperties) = preSolution
		HideSolutionNode = FALSE
	EndGlobalSection
	GlobalSection(ExtensibilityGlobals) = postSolution
		SolutionGuid = {2EFC83DD-918F-4180-8CD0-FD096417C24F}
	EndGlobalSection
EndGlobal
